
Microsoft Visual Studio Solution File, Format Version 12.00
# Visual Studio Version 16
VisualStudioVersion = 16.0.31729.503
MinimumVisualStudioVersion = 10.0.40219.1
Project("{FAE04EC0-301F-11D3-BF4B-00C04F79EFBC}") = "WindowsFormsApp1", "WindowsFormsApp1.csproj", "{69514520-BBBD-4FBA-AB9E-8A80459F8E57}"
EndProject
Project("{2150E333-8FDC-42A3-9474-1A3956D46DE8}") = "Solution Items", "Solution Items", "{AA9E0C86-CAFD-47F8-AE50-68D0E5B7249E}"
EndProject
Global
	GlobalSection(SolutionConfigurationPlatforms) = preSolution
		Debug|Any CPU = Debug|Any CPU
		Release|Any CPU = Release|Any CPU
	EndGlobalSection
	GlobalSection(ProjectConfigurationPlatforms) = postSolution
		{69514520-BBBD-4FBA-AB9E-8A80459F8E57}.Debug|Any CPU.ActiveCfg = Debug|Any CPU
		{69514520-BBBD-4FBA-AB9E-8A80459F8E57}.Debug|Any CPU.Build.0 = Debug|Any CPU
		{69514520-BBBD-4FBA-AB9E-8A80459F8E57}.Release|Any CPU.ActiveCfg = Release|Any CPU
		{69514520-BBBD-4FBA-AB9E-8A80459F8E57}.Release|Any CPU.Build.0 = Release|Any CPU
	EndGlobalSection
	GlobalSection(SolutionProperties) = preSolution
		HideSolutionNode = FALSE
	EndGlobalSection
	GlobalSection(ExtensibilityGlobals) = postSolution
		SolutionGuid = {0B4FE678-84A8-474B-B1D5-182283FF8B08}
	EndGlobalSection
EndGlobal
